// !$*UTF8*$!
{
	archiveVersion = 1;
	classes = {
	};
	objectVersion = 46;
	objects = {

/* Begin PBXBuildFile section */
		DB1CD80F1BE09E6100EAF0B2 /* LeftTimer.swift in Sources */ = {isa = PBXBuildFile; fileRef = DB1CD80E1BE09E6100EAF0B2 /* LeftTimer.swift */; };
		DB1CD8111BE09E8A00EAF0B2 /* MiddleTimer.swift in Sources */ = {isa = PBXBuildFile; fileRef = DB1CD8101BE09E8A00EAF0B2 /* MiddleTimer.swift */; };
		DB1CD8191BE1788300EAF0B2 /* LeftTimerController.swift in Sources */ = {isa = PBXBuildFile; fileRef = DB1CD8181BE1788300EAF0B2 /* LeftTimerController.swift */; };
		DB1CD81B1BE1789300EAF0B2 /* MiddleTimerController.swift in Sources */ = {isa = PBXBuildFile; fileRef = DB1CD81A1BE1789300EAF0B2 /* MiddleTimerController.swift */; };
		DB1CD81D1BE178A000EAF0B2 /* RightTimerController.swift in Sources */ = {isa = PBXBuildFile; fileRef = DB1CD81C1BE178A000EAF0B2 /* RightTimerController.swift */; };
		DB2970471BE415AB0089D4D3 /* TimerSettingsViewController.swift in Sources */ = {isa = PBXBuildFile; fileRef = DB2970461BE415AB0089D4D3 /* TimerSettingsViewController.swift */; };
		DB4E3D051BF29F4100A460EB /* LeftPickerViewDataSource.swift in Sources */ = {isa = PBXBuildFile; fileRef = DB4E3D041BF29F4100A460EB /* LeftPickerViewDataSource.swift */; };
		DB4E3D0B1BF2A0F100A460EB /* MiddlePickerViewDataSource.swift in Sources */ = {isa = PBXBuildFile; fileRef = DB4E3D0A1BF2A0F100A460EB /* MiddlePickerViewDataSource.swift */; };
		DB4E3D0D1BF2A10800A460EB /* RightPickerViewDataSource.swift in Sources */ = {isa = PBXBuildFile; fileRef = DB4E3D0C1BF2A10800A460EB /* RightPickerViewDataSource.swift */; };
		DB6F9B031BE07D2B00D3E03B /* RightTimer.swift in Sources */ = {isa = PBXBuildFile; fileRef = DB6F9B021BE07D2B00D3E03B /* RightTimer.swift */; };
		DB822C5E1BE0035B0002E5F7 /* ColorPaletteViewController.swift in Sources */ = {isa = PBXBuildFile; fileRef = DB822C5D1BE0035B0002E5F7 /* ColorPaletteViewController.swift */; };
		DBE1A1341BDECA0E00D16A01 /* AppDelegate.swift in Sources */ = {isa = PBXBuildFile; fileRef = DBE1A1331BDECA0E00D16A01 /* AppDelegate.swift */; };
		DBE1A1361BDECA0E00D16A01 /* MainTimerViewController.swift in Sources */ = {isa = PBXBuildFile; fileRef = DBE1A1351BDECA0E00D16A01 /* MainTimerViewController.swift */; };
		DBE1A1391BDECA0E00D16A01 /* Main.storyboard in Resources */ = {isa = PBXBuildFile; fileRef = DBE1A1371BDECA0E00D16A01 /* Main.storyboard */; };
		DBE1A13B1BDECA0E00D16A01 /* Assets.xcassets in Resources */ = {isa = PBXBuildFile; fileRef = DBE1A13A1BDECA0E00D16A01 /* Assets.xcassets */; };
		DBE1A13E1BDECA0E00D16A01 /* LaunchScreen.storyboard in Resources */ = {isa = PBXBuildFile; fileRef = DBE1A13C1BDECA0E00D16A01 /* LaunchScreen.storyboard */; };
		DBF9693C1BDFE4FB00F63D08 /* ColorPalette.swift in Sources */ = {isa = PBXBuildFile; fileRef = DBF9693B1BDFE4FB00F63D08 /* ColorPalette.swift */; };
/* End PBXBuildFile section */

/* Begin PBXFileReference section */
		DB1CD80E1BE09E6100EAF0B2 /* LeftTimer.swift */ = {isa = PBXFileReference; fileEncoding = 4; lastKnownFileType = sourcecode.swift; name = LeftTimer.swift; path = ../LeftTimer.swift; sourceTree = "<group>"; };
		DB1CD8101BE09E8A00EAF0B2 /* MiddleTimer.swift */ = {isa = PBXFileReference; fileEncoding = 4; lastKnownFileType = sourcecode.swift; path = MiddleTimer.swift; sourceTree = "<group>"; };
		DB1CD8181BE1788300EAF0B2 /* LeftTimerController.swift */ = {isa = PBXFileReference; fileEncoding = 4; lastKnownFileType = sourcecode.swift; path = LeftTimerController.swift; sourceTree = "<group>"; };
		DB1CD81A1BE1789300EAF0B2 /* MiddleTimerController.swift */ = {isa = PBXFileReference; fileEncoding = 4; lastKnownFileType = sourcecode.swift; path = MiddleTimerController.swift; sourceTree = "<group>"; };
		DB1CD81C1BE178A000EAF0B2 /* RightTimerController.swift */ = {isa = PBXFileReference; fileEncoding = 4; lastKnownFileType = sourcecode.swift; path = RightTimerController.swift; sourceTree = "<group>"; };
		DB2970461BE415AB0089D4D3 /* TimerSettingsViewController.swift */ = {isa = PBXFileReference; fileEncoding = 4; lastKnownFileType = sourcecode.swift; path = TimerSettingsViewController.swift; sourceTree = "<group>"; };
		DB4E3D041BF29F4100A460EB /* LeftPickerViewDataSource.swift */ = {isa = PBXFileReference; fileEncoding = 4; lastKnownFileType = sourcecode.swift; name = LeftPickerViewDataSource.swift; path = ../LeftPickerViewDataSource.swift; sourceTree = "<group>"; };
		DB4E3D0A1BF2A0F100A460EB /* MiddlePickerViewDataSource.swift */ = {isa = PBXFileReference; fileEncoding = 4; lastKnownFileType = sourcecode.swift; path = MiddlePickerViewDataSource.swift; sourceTree = "<group>"; };
		DB4E3D0C1BF2A10800A460EB /* RightPickerViewDataSource.swift */ = {isa = PBXFileReference; fileEncoding = 4; lastKnownFileType = sourcecode.swift; path = RightPickerViewDataSource.swift; sourceTree = "<group>"; };
		DB6F9B021BE07D2B00D3E03B /* RightTimer.swift */ = {isa = PBXFileReference; fileEncoding = 4; lastKnownFileType = sourcecode.swift; path = RightTimer.swift; sourceTree = "<group>"; };
		DB822C5D1BE0035B0002E5F7 /* ColorPaletteViewController.swift */ = {isa = PBXFileReference; fileEncoding = 4; lastKnownFileType = sourcecode.swift; path = ColorPaletteViewController.swift; sourceTree = "<group>"; };
		DBE1A1301BDECA0E00D16A01 /* testAnimations.app */ = {isa = PBXFileReference; explicitFileType = wrapper.application; includeInIndex = 0; path = testAnimations.app; sourceTree = BUILT_PRODUCTS_DIR; };
		DBE1A1331BDECA0E00D16A01 /* AppDelegate.swift */ = {isa = PBXFileReference; lastKnownFileType = sourcecode.swift; path = AppDelegate.swift; sourceTree = "<group>"; };
		DBE1A1351BDECA0E00D16A01 /* MainTimerViewController.swift */ = {isa = PBXFileReference; lastKnownFileType = sourcecode.swift; path = MainTimerViewController.swift; sourceTree = "<group>"; };
		DBE1A1381BDECA0E00D16A01 /* Base */ = {isa = PBXFileReference; lastKnownFileType = file.storyboard; name = Base; path = Base.lproj/Main.storyboard; sourceTree = "<group>"; };
		DBE1A13A1BDECA0E00D16A01 /* Assets.xcassets */ = {isa = PBXFileReference; lastKnownFileType = folder.assetcatalog; path = Assets.xcassets; sourceTree = "<group>"; };
		DBE1A13D1BDECA0E00D16A01 /* Base */ = {isa = PBXFileReference; lastKnownFileType = file.storyboard; name = Base; path = Base.lproj/LaunchScreen.storyboard; sourceTree = "<group>"; };
		DBE1A13F1BDECA0E00D16A01 /* Info.plist */ = {isa = PBXFileReference; lastKnownFileType = text.plist.xml; path = Info.plist; sourceTree = "<group>"; };
		DBF9693B1BDFE4FB00F63D08 /* ColorPalette.swift */ = {isa = PBXFileReference; fileEncoding = 4; lastKnownFileType = sourcecode.swift; path = ColorPalette.swift; sourceTree = "<group>"; };
/* End PBXFileReference section */

/* Begin PBXFrameworksBuildPhase section */
		DBE1A12D1BDECA0E00D16A01 /* Frameworks */ = {
			isa = PBXFrameworksBuildPhase;
			buildActionMask = 2147483647;
			files = (
			);
			runOnlyForDeploymentPostprocessing = 0;
		};
/* End PBXFrameworksBuildPhase section */

/* Begin PBXGroup section */
		DB1CD81E1BE1AC3100EAF0B2 /* Model */ = {
			isa = PBXGroup;
			children = (
				DB1CD80E1BE09E6100EAF0B2 /* LeftTimer.swift */,
				DB1CD8101BE09E8A00EAF0B2 /* MiddleTimer.swift */,
				DB6F9B021BE07D2B00D3E03B /* RightTimer.swift */,
			);
			name = Model;
			sourceTree = "<group>";
		};
		DB1CD81F1BE1AC3C00EAF0B2 /* Controllers */ = {
			isa = PBXGroup;
			children = (
				DB1CD8181BE1788300EAF0B2 /* LeftTimerController.swift */,
				DB1CD81A1BE1789300EAF0B2 /* MiddleTimerController.swift */,
				DB1CD81C1BE178A000EAF0B2 /* RightTimerController.swift */,
			);
			name = Controllers;
			sourceTree = "<group>";
		};
		DB1CD8201BE1AC4B00EAF0B2 /* Storyboards */ = {
			isa = PBXGroup;
			children = (
				DBE1A1371BDECA0E00D16A01 /* Main.storyboard */,
				DBE1A13C1BDECA0E00D16A01 /* LaunchScreen.storyboard */,
			);
			name = Storyboards;
			sourceTree = "<group>";
		};
		DB1CD8211BE1AC6A00EAF0B2 /* ViewControllers */ = {
			isa = PBXGroup;
			children = (
				DB4E3D041BF29F4100A460EB /* LeftPickerViewDataSource.swift */,
				DB4E3D0A1BF2A0F100A460EB /* MiddlePickerViewDataSource.swift */,
				DB4E3D0C1BF2A10800A460EB /* RightPickerViewDataSource.swift */,
				DBE1A1351BDECA0E00D16A01 /* MainTimerViewController.swift */,
				DB822C5D1BE0035B0002E5F7 /* ColorPaletteViewController.swift */,
				DB2970461BE415AB0089D4D3 /* TimerSettingsViewController.swift */,
			);
			name = ViewControllers;
			sourceTree = "<group>";
		};
		DB1CD8221BE1AC8100EAF0B2 /* UI */ = {
			isa = PBXGroup;
			children = (
				DBF9693B1BDFE4FB00F63D08 /* ColorPalette.swift */,
			);
			name = UI;
			sourceTree = "<group>";
		};
		DBE1A1271BDECA0E00D16A01 = {
			isa = PBXGroup;
			children = (
				DBE1A1321BDECA0E00D16A01 /* testAnimations */,
				DBE1A1311BDECA0E00D16A01 /* Products */,
			);
			sourceTree = "<group>";
		};
		DBE1A1311BDECA0E00D16A01 /* Products */ = {
			isa = PBXGroup;
			children = (
				DBE1A1301BDECA0E00D16A01 /* testAnimations.app */,
			);
			name = Products;
			sourceTree = "<group>";
		};
		DBE1A1321BDECA0E00D16A01 /* testAnimations */ = {
			isa = PBXGroup;
			children = (
				DBE1A1331BDECA0E00D16A01 /* AppDelegate.swift */,
				DB1CD8201BE1AC4B00EAF0B2 /* Storyboards */,
				DB1CD81E1BE1AC3100EAF0B2 /* Model */,
				DB1CD8211BE1AC6A00EAF0B2 /* ViewControllers */,
				DB1CD81F1BE1AC3C00EAF0B2 /* Controllers */,
				DB1CD8221BE1AC8100EAF0B2 /* UI */,
				DBE1A13A1BDECA0E00D16A01 /* Assets.xcassets */,
				DBE1A13F1BDECA0E00D16A01 /* Info.plist */,
			);
			path = testAnimations;
			sourceTree = "<group>";
		};
/* End PBXGroup section */

/* Begin PBXNativeTarget section */
		DBE1A12F1BDECA0E00D16A01 /* testAnimations */ = {
			isa = PBXNativeTarget;
			buildConfigurationList = DBE1A1421BDECA0E00D16A01 /* Build configuration list for PBXNativeTarget "testAnimations" */;
			buildPhases = (
				DBE1A12C1BDECA0E00D16A01 /* Sources */,
				DBE1A12D1BDECA0E00D16A01 /* Frameworks */,
				DBE1A12E1BDECA0E00D16A01 /* Resources */,
			);
			buildRules = (
			);
			dependencies = (
			);
			name = testAnimations;
			productName = testAnimations;
			productReference = DBE1A1301BDECA0E00D16A01 /* testAnimations.app */;
			productType = "com.apple.product-type.application";
		};
/* End PBXNativeTarget section */

/* Begin PBXProject section */
		DBE1A1281BDECA0E00D16A01 /* Project object */ = {
			isa = PBXProject;
			attributes = {
				LastSwiftUpdateCheck = 0710;
				LastUpgradeCheck = 0710;
				ORGANIZATIONNAME = "Justin Smith";
				TargetAttributes = {
					DBE1A12F1BDECA0E00D16A01 = {
						CreatedOnToolsVersion = 7.1;
					};
				};
			};
			buildConfigurationList = DBE1A12B1BDECA0E00D16A01 /* Build configuration list for PBXProject "testAnimations" */;
			compatibilityVersion = "Xcode 3.2";
			developmentRegion = English;
			hasScannedForEncodings = 0;
			knownRegions = (
				en,
				Base,
			);
			mainGroup = DBE1A1271BDECA0E00D16A01;
			productRefGroup = DBE1A1311BDECA0E00D16A01 /* Products */;
			projectDirPath = "";
			projectRoot = "";
			targets = (
				DBE1A12F1BDECA0E00D16A01 /* testAnimations */,
			);
		};
/* End PBXProject section */

/* Begin PBXResourcesBuildPhase section */
		DBE1A12E1BDECA0E00D16A01 /* Resources */ = {
			isa = PBXResourcesBuildPhase;
			buildActionMask = 2147483647;
			files = (
				DBE1A13E1BDECA0E00D16A01 /* LaunchScreen.storyboard in Resources */,
				DBE1A13B1BDECA0E00D16A01 /* Assets.xcassets in Resources */,
				DBE1A1391BDECA0E00D16A01 /* Main.storyboard in Resources */,
			);
			runOnlyForDeploymentPostprocessing = 0;
		};
/* End PBXResourcesBuildPhase section */

/* Begin PBXSourcesBuildPhase section */
		DBE1A12C1BDECA0E00D16A01 /* Sources */ = {
			isa = PBXSourcesBuildPhase;
			buildActionMask = 2147483647;
			files = (
				DB4E3D051BF29F4100A460EB /* LeftPickerViewDataSource.swift in Sources */,
				DB822C5E1BE0035B0002E5F7 /* ColorPaletteViewController.swift in Sources */,
				DBE1A1361BDECA0E00D16A01 /* MainTimerViewController.swift in Sources */,
				DB4E3D0B1BF2A0F100A460EB /* MiddlePickerViewDataSource.swift in Sources */,
				DB1CD80F1BE09E6100EAF0B2 /* LeftTimer.swift in Sources */,
				DB1CD8191BE1788300EAF0B2 /* LeftTimerController.swift in Sources */,
				DB4E3D0D1BF2A10800A460EB /* RightPickerViewDataSource.swift in Sources */,
				DBE1A1341BDECA0E00D16A01 /* AppDelegate.swift in Sources */,
				DB2970471BE415AB0089D4D3 /* TimerSettingsViewController.swift in Sources */,
				DB1CD81D1BE178A000EAF0B2 /* RightTimerController.swift in Sources */,
				DB1CD8111BE09E8A00EAF0B2 /* MiddleTimer.swift in Sources */,
				DB6F9B031BE07D2B00D3E03B /* RightTimer.swift in Sources */,
				DBF9693C1BDFE4FB00F63D08 /* ColorPalette.swift in Sources */,
				DB1CD81B1BE1789300EAF0B2 /* MiddleTimerController.swift in Sources */,
			);
			runOnlyForDeploymentPostprocessing = 0;
		};
/* End PBXSourcesBuildPhase section */

/* Begin PBXVariantGroup section */
		DBE1A1371BDECA0E00D16A01 /* Main.storyboard */ = {
			isa = PBXVariantGroup;
			children = (
				DBE1A1381BDECA0E00D16A01 /* Base */,
			);
			name = Main.storyboard;
			sourceTree = "<group>";
		};
		DBE1A13C1BDECA0E00D16A01 /* LaunchScreen.storyboard */ = {
			isa = PBXVariantGroup;
			children = (
				DBE1A13D1BDECA0E00D16A01 /* Base */,
			);
			name = LaunchScreen.storyboard;
			sourceTree = "<group>";
		};
/* End PBXVariantGroup section */

/* Begin XCBuildConfiguration section */
		DBE1A1401BDECA0E00D16A01 /* Debug */ = {
			isa = XCBuildConfiguration;
			buildSettings = {
				ALWAYS_SEARCH_USER_PATHS = NO;
				CLANG_CXX_LANGUAGE_STANDARD = "gnu++0x";
				CLANG_CXX_LIBRARY = "libc++";
				CLANG_ENABLE_MODULES = YES;
				CLANG_ENABLE_OBJC_ARC = YES;
				CLANG_WARN_BOOL_CONVERSION = YES;
				CLANG_WARN_CONSTANT_CONVERSION = YES;
				CLANG_WARN_DIRECT_OBJC_ISA_USAGE = YES_ERROR;
				CLANG_WARN_EMPTY_BODY = YES;
				CLANG_WARN_ENUM_CONVERSION = YES;
				CLANG_WARN_INT_CONVERSION = YES;
				CLANG_WARN_OBJC_ROOT_CLASS = YES_ERROR;
				CLANG_WARN_UNREACHABLE_CODE = YES;
				CLANG_WARN__DUPLICATE_METHOD_MATCH = YES;
				"CODE_SIGN_IDENTITY[sdk=iphoneos*]" = "iPhone Developer";
				COPY_PHASE_STRIP = NO;
				DEBUG_INFORMATION_FORMAT = dwarf;
				ENABLE_STRICT_OBJC_MSGSEND = YES;
				ENABLE_TESTABILITY = YES;
				GCC_C_LANGUAGE_STANDARD = gnu99;
				GCC_DYNAMIC_NO_PIC = NO;
				GCC_NO_COMMON_BLOCKS = YES;
				GCC_OPTIMIZATION_LEVEL = 0;
				GCC_PREPROCESSOR_DEFINITIONS = (
					"DEBUG=1",
					"$(inherited)",
				);
				GCC_WARN_64_TO_32_BIT_CONVERSION = YES;
				GCC_WARN_ABOUT_RETURN_TYPE = YES_ERROR;
				GCC_WARN_UNDECLARED_SELECTOR = YES;
				GCC_WARN_UNINITIALIZED_AUTOS = YES_AGGRESSIVE;
				GCC_WARN_UNUSED_FUNCTION = YES;
				GCC_WARN_UNUSED_VARIABLE = YES;
				IPHONEOS_DEPLOYMENT_TARGET = 9.1;
				MTL_ENABLE_DEBUG_INFO = YES;
				ONLY_ACTIVE_ARCH = YES;
				SDKROOT = iphoneos;
				SWIFT_OPTIMIZATION_LEVEL = "-Onone";
				TARGETED_DEVICE_FAMILY = "1,2";
			};
			name = Debug;
		};
		DBE1A1411BDECA0E00D16A01 /* Release */ = {
			isa = XCBuildConfiguration;
			buildSettings = {
				ALWAYS_SEARCH_USER_PATHS = NO;
				CLANG_CXX_LANGUAGE_STANDARD = "gnu++0x";
				CLANG_CXX_LIBRARY = "libc++";
				CLANG_ENABLE_MODULES = YES;
				CLANG_ENABLE_OBJC_ARC = YES;
				CLANG_WARN_BOOL_CONVERSION = YES;
				CLANG_WARN_CONSTANT_CONVERSION = YES;
				CLANG_WARN_DIRECT_OBJC_ISA_USAGE = YES_ERROR;
				CLANG_WARN_EMPTY_BODY = YES;
				CLANG_WARN_ENUM_CONVERSION = YES;
				CLANG_WARN_INT_CONVERSION = YES;
				CLANG_WARN_OBJC_ROOT_CLASS = YES_ERROR;
				CLANG_WARN_UNREACHABLE_CODE = YES;
				CLANG_WARN__DUPLICATE_METHOD_MATCH = YES;
				"CODE_SIGN_IDENTITY[sdk=iphoneos*]" = "iPhone Developer";
				COPY_PHASE_STRIP = NO;
				DEBUG_INFORMATION_FORMAT = "dwarf-with-dsym";
				ENABLE_NS_ASSERTIONS = NO;
				ENABLE_STRICT_OBJC_MSGSEND = YES;
				GCC_C_LANGUAGE_STANDARD = gnu99;
				GCC_NO_COMMON_BLOCKS = YES;
				GCC_WARN_64_TO_32_BIT_CONVERSION = YES;
				GCC_WARN_ABOUT_RETURN_TYPE = YES_ERROR;
				GCC_WARN_UNDECLARED_SELECTOR = YES;
				GCC_WARN_UNINITIALIZED_AUTOS = YES_AGGRESSIVE;
				GCC_WARN_UNUSED_FUNCTION = YES;
				GCC_WARN_UNUSED_VARIABLE = YES;
				IPHONEOS_DEPLOYMENT_TARGET = 9.1;
				MTL_ENABLE_DEBUG_INFO = NO;
				SDKROOT = iphoneos;
				TARGETED_DEVICE_FAMILY = "1,2";
				VALIDATE_PRODUCT = YES;
			};
			name = Release;
		};
		DBE1A1431BDECA0E00D16A01 /* Debug */ = {
			isa = XCBuildConfiguration;
			buildSettings = {
				ASSETCATALOG_COMPILER_APPICON_NAME = AppIcon;
				INFOPLIST_FILE = testAnimations/Info.plist;
				LD_RUNPATH_SEARCH_PATHS = "$(inherited) @executable_path/Frameworks";
				PRODUCT_BUNDLE_IDENTIFIER = com.yourcompany.testAnimations;
				PRODUCT_NAME = "$(TARGET_NAME)";
			};
			name = Debug;
		};
		DBE1A1441BDECA0E00D16A01 /* Release */ = {
			isa = XCBuildConfiguration;
			buildSettings = {
				ASSETCATALOG_COMPILER_APPICON_NAME = AppIcon;
				INFOPLIST_FILE = testAnimations/Info.plist;
				LD_RUNPATH_SEARCH_PATHS = "$(inherited) @executable_path/Frameworks";
				PRODUCT_BUNDLE_IDENTIFIER = com.yourcompany.testAnimations;
				PRODUCT_NAME = "$(TARGET_NAME)";
			};
			name = Release;
		};
/* End XCBuildConfiguration section */

/* Begin XCConfigurationList section */
		DBE1A12B1BDECA0E00D16A01 /* Build configuration list for PBXProject "testAnimations" */ = {
			isa = XCConfigurationList;
			buildConfigurations = (
				DBE1A1401BDECA0E00D16A01 /* Debug */,
				DBE1A1411BDECA0E00D16A01 /* Release */,
			);
			defaultConfigurationIsVisible = 0;
			defaultConfigurationName = Release;
		};
		DBE1A1421BDECA0E00D16A01 /* Build configuration list for PBXNativeTarget "testAnimations" */ = {
			isa = XCConfigurationList;
			buildConfigurations = (
				DBE1A1431BDECA0E00D16A01 /* Debug */,
				DBE1A1441BDECA0E00D16A01 /* Release */,
			);
			defaultConfigurationIsVisible = 0;
			defaultConfigurationName = Release;
		};
/* End XCConfigurationList section */
	};
	rootObject = DBE1A1281BDECA0E00D16A01 /* Project object */;
}
